
Microsoft Visual Studio Solution File, Format Version 12.00
# Visual Studio Version 16
VisualStudioVersion = 16.0.30804.86
MinimumVisualStudioVersion = 10.0.40219.1
Project("{FAE04EC0-301F-11D3-BF4B-00C04F79EFBC}") = "FileAplication", "FileAplication\FileAplication.csproj", "{ECF482E8-241D-4348-90BE-E4E95E9FD501}"
EndProject
Global
	GlobalSection(SolutionConfigurationPlatforms) = preSolution
		Debug|Any CPU = Debug|Any CPU
		Release|Any CPU = Release|Any CPU
	EndGlobalSection
	GlobalSection(ProjectConfigurationPlatforms) = postSolution
		{ECF482E8-241D-4348-90BE-E4E95E9FD501}.Debug|Any CPU.ActiveCfg = Debug|Any CPU
		{ECF482E8-241D-4348-90BE-E4E95E9FD501}.Debug|Any CPU.Build.0 = Debug|Any CPU
		{ECF482E8-241D-4348-90BE-E4E95E9FD501}.Release|Any CPU.ActiveCfg = Release|Any CPU
		{ECF482E8-241D-4348-90BE-E4E95E9FD501}.Release|Any CPU.Build.0 = Release|Any CPU
	EndGlobalSection
	GlobalSection(SolutionProperties) = preSolution
		HideSolutionNode = FALSE
	EndGlobalSection
	GlobalSection(ExtensibilityGlobals) = postSolution
		SolutionGuid = {BB6F9D70-C0AE-4028-9FE4-D95DC1C6C145}
	EndGlobalSection
EndGlobal
